
Microsoft Visual Studio Solution File, Format Version 12.00
# Visual Studio Version 17
VisualStudioVersion = 17.3.32825.248
MinimumVisualStudioVersion = 10.0.40219.1
Project("{2150E333-8FDC-42A3-9474-1A3956D46DE8}") = "Solution Items", "Solution Items", "{A0C48056-B3FA-4307-AC69-24A7FD5CA9F6}"
	ProjectSection(SolutionItems) = preProject
		.dockerignore = .dockerignore
		src\docker-compose.override.yml = src\docker-compose.override.yml
		src\docker-compose.yml = src\docker-compose.yml
		global.json = global.json
	EndProjectSection
EndProject
Project("{2150E333-8FDC-42A3-9474-1A3956D46DE8}") = "src", "src", "{92821270-EED6-4073-929E-5E3C465F6A70}"
EndProject
Project("{2150E333-8FDC-42A3-9474-1A3956D46DE8}") = "tests", "tests", "{34D1F792-E1E5-404A-B8AB-ED130E712CBC}"
EndProject
Project("{2150E333-8FDC-42A3-9474-1A3956D46DE8}") = "ApiGateways", "ApiGateways", "{0E2B3553-65C1-4FBE-A40F-318FFEC69AD7}"
EndProject
Project("{2150E333-8FDC-42A3-9474-1A3956D46DE8}") = "BuildingBlocks", "BuildingBlocks", "{2A7AD16A-D81A-476F-BBEF-717ECCF20003}"
EndProject
Project("{2150E333-8FDC-42A3-9474-1A3956D46DE8}") = "Services", "Services", "{897BC94B-0EE4-49A1-AF75-B49A6AE0FBA7}"
EndProject
Project("{2150E333-8FDC-42A3-9474-1A3956D46DE8}") = "WebApps", "WebApps", "{BC345E90-9BB8-45A9-B126-729C53FA8392}"
EndProject
Project("{9A19103F-16F7-4668-BE54-9A1E7A4F7556}") = "Common.Logging", "src\BuildingBlocks\Common.Logging\Common.Logging.csproj", "{98805A34-8B12-4F06-99CC-B1E9AF284AA6}"
EndProject
Project("{2150E333-8FDC-42A3-9474-1A3956D46DE8}") = "Product", "Product", "{1FF3B385-51AA-4EAF-8C24-080DCEF9C732}"
EndProject
Project("{2150E333-8FDC-42A3-9474-1A3956D46DE8}") = "Customer", "Customer", "{C85309AB-9A74-4DC6-94A4-CA3A8814BE1A}"
EndProject
Project("{2150E333-8FDC-42A3-9474-1A3956D46DE8}") = "Basket", "Basket", "{B144CD5F-A7E8-48ED-9152-90D27283D4F7}"
EndProject
Project("{2150E333-8FDC-42A3-9474-1A3956D46DE8}") = "Inventory", "Inventory", "{2216D4D9-9672-4C9C-A22E-EE1CB866343E}"
EndProject
Project("{2150E333-8FDC-42A3-9474-1A3956D46DE8}") = "Ordering", "Ordering", "{A1124EFA-A5F9-4C85-B8C2-6914490DBF92}"
EndProject
Project("{2150E333-8FDC-42A3-9474-1A3956D46DE8}") = "ScheduledJob", "ScheduledJob", "{4DB4EA9F-A954-468E-92C4-114FA189F829}"
EndProject
Project("{9A19103F-16F7-4668-BE54-9A1E7A4F7556}") = "WebHealthStatus", "src\WebApps\WebHealthStatus\WebHealthStatus.csproj", "{8E35853D-A36C-458C-A0D9-C875D40F4353}"
EndProject
Project("{9A19103F-16F7-4668-BE54-9A1E7A4F7556}") = "Contracts", "src\BuildingBlocks\Contracts\Contracts.csproj", "{28FF5925-6C82-449C-B344-DEB0C5C3C0FB}"
EndProject
Project("{9A19103F-16F7-4668-BE54-9A1E7A4F7556}") = "Infrastructure", "src\BuildingBlocks\Infrastructure\Infrastructure.csproj", "{756781E7-C392-4E13-BE94-0C63061BE7C6}"
EndProject
Project("{9A19103F-16F7-4668-BE54-9A1E7A4F7556}") = "Shared", "src\BuildingBlocks\Shared\Shared.csproj", "{B1382B71-2AF3-4F33-94A4-A884458178E4}"
EndProject
Project("{9A19103F-16F7-4668-BE54-9A1E7A4F7556}") = "OcelotApiGw", "src\ApiGateways\OcelotApiGw\OcelotApiGw.csproj", "{6FF6DB2B-B8A6-4189-97BB-9ACCE2BF2293}"
EndProject
Project("{9A19103F-16F7-4668-BE54-9A1E7A4F7556}") = "Inventory.API", "src\Services\Inventory\Inventory.API\Inventory.API.csproj", "{AC6933B8-FB01-40F8-B432-6EEE241A0C97}"
EndProject
Project("{9A19103F-16F7-4668-BE54-9A1E7A4F7556}") = "Ordering.API", "src\Services\Ordering\Ordering.API\Ordering.API.csproj", "{644A79C8-459E-4026-9725-C0845437D207}"
EndProject
Project("{9A19103F-16F7-4668-BE54-9A1E7A4F7556}") = "Product.API", "src\Services\Product.API\Product.API.csproj", "{99E39CF6-4526-42C8-B58C-20A68EBCB097}"
EndProject
Project("{9A19103F-16F7-4668-BE54-9A1E7A4F7556}") = "Customer.API", "src\Services\Customer.API\Customer.API.csproj", "{8D53BE3A-1AB4-4681-B9C0-D141AD3C93AA}"
EndProject
Project("{9A19103F-16F7-4668-BE54-9A1E7A4F7556}") = "Basket.API", "src\Services\Basket.API\Basket.API.csproj", "{99F3D4ED-D9FD-400A-BE98-7CDFFB79A6E6}"
EndProject
Project("{FAE04EC0-301F-11D3-BF4B-00C04F79EFBC}") = "Ordering.Application", "src\Services\Ordering\Ordering.Application\Ordering.Application.csproj", "{4EF3E3AF-4DF4-42BD-8789-DFD757215121}"
EndProject
Project("{FAE04EC0-301F-11D3-BF4B-00C04F79EFBC}") = "Ordering.Domain", "src\Services\Ordering\Ordering.Domain\Ordering.Domain.csproj", "{1CCA6EB6-37B2-4952-9B5D-7F05F9893886}"
EndProject
Project("{FAE04EC0-301F-11D3-BF4B-00C04F79EFBC}") = "Ordering.Infrastructure", "src\Services\Ordering\Ordering.Infrastructure\Ordering.Infrastructure.csproj", "{C65A7AD9-ADF9-42EA-A5B8-1708F6120081}"
EndProject
Project("{2150E333-8FDC-42A3-9474-1A3956D46DE8}") = "EventBus", "EventBus", "{46F66340-5A06-46CD-A667-068CD45A7BD9}"
EndProject
Project("{FAE04EC0-301F-11D3-BF4B-00C04F79EFBC}") = "EventBus.Messages", "src\BuildingBlocks\EventBus\EventBus.Messages\EventBus.Messages.csproj", "{D821D2E1-BF76-49CC-9D40-6AB7C58A964C}"
EndProject
Project("{FAE04EC0-301F-11D3-BF4B-00C04F79EFBC}") = "Inventory.Grpc", "src\Services\Inventory\Inventory.Grpc\Inventory.Grpc.csproj", "{DC66F77F-A675-4A2D-BCF4-C5CBDFD355DB}"
EndProject
Project("{FAE04EC0-301F-11D3-BF4B-00C04F79EFBC}") = "Hangfire.API", "src\Services\Hangfire.API\Hangfire.API.csproj", "{1527AF66-DD63-438B-9ECB-D4580DEBF3A3}"
EndProject
Global
	GlobalSection(SolutionConfigurationPlatforms) = preSolution
		Debug|Any CPU = Debug|Any CPU
		Release|Any CPU = Release|Any CPU
	EndGlobalSection
	GlobalSection(ProjectConfigurationPlatforms) = postSolution
		{98805A34-8B12-4F06-99CC-B1E9AF284AA6}.Debug|Any CPU.ActiveCfg = Debug|Any CPU
		{98805A34-8B12-4F06-99CC-B1E9AF284AA6}.Debug|Any CPU.Build.0 = Debug|Any CPU
		{98805A34-8B12-4F06-99CC-B1E9AF284AA6}.Release|Any CPU.ActiveCfg = Release|Any CPU
		{98805A34-8B12-4F06-99CC-B1E9AF284AA6}.Release|Any CPU.Build.0 = Release|Any CPU
		{8E35853D-A36C-458C-A0D9-C875D40F4353}.Debug|Any CPU.ActiveCfg = Debug|Any CPU
		{8E35853D-A36C-458C-A0D9-C875D40F4353}.Debug|Any CPU.Build.0 = Debug|Any CPU
		{8E35853D-A36C-458C-A0D9-C875D40F4353}.Release|Any CPU.ActiveCfg = Release|Any CPU
		{8E35853D-A36C-458C-A0D9-C875D40F4353}.Release|Any CPU.Build.0 = Release|Any CPU
		{28FF5925-6C82-449C-B344-DEB0C5C3C0FB}.Debug|Any CPU.ActiveCfg = Debug|Any CPU
		{28FF5925-6C82-449C-B344-DEB0C5C3C0FB}.Debug|Any CPU.Build.0 = Debug|Any CPU
		{28FF5925-6C82-449C-B344-DEB0C5C3C0FB}.Release|Any CPU.ActiveCfg = Release|Any CPU
		{28FF5925-6C82-449C-B344-DEB0C5C3C0FB}.Release|Any CPU.Build.0 = Release|Any CPU
		{756781E7-C392-4E13-BE94-0C63061BE7C6}.Debug|Any CPU.ActiveCfg = Debug|Any CPU
		{756781E7-C392-4E13-BE94-0C63061BE7C6}.Debug|Any CPU.Build.0 = Debug|Any CPU
		{756781E7-C392-4E13-BE94-0C63061BE7C6}.Release|Any CPU.ActiveCfg = Release|Any CPU
		{756781E7-C392-4E13-BE94-0C63061BE7C6}.Release|Any CPU.Build.0 = Release|Any CPU
		{B1382B71-2AF3-4F33-94A4-A884458178E4}.Debug|Any CPU.ActiveCfg = Debug|Any CPU
		{B1382B71-2AF3-4F33-94A4-A884458178E4}.Debug|Any CPU.Build.0 = Debug|Any CPU
		{B1382B71-2AF3-4F33-94A4-A884458178E4}.Release|Any CPU.ActiveCfg = Release|Any CPU
		{B1382B71-2AF3-4F33-94A4-A884458178E4}.Release|Any CPU.Build.0 = Release|Any CPU
		{6FF6DB2B-B8A6-4189-97BB-9ACCE2BF2293}.Debug|Any CPU.ActiveCfg = Debug|Any CPU
		{6FF6DB2B-B8A6-4189-97BB-9ACCE2BF2293}.Debug|Any CPU.Build.0 = Debug|Any CPU
		{6FF6DB2B-B8A6-4189-97BB-9ACCE2BF2293}.Release|Any CPU.ActiveCfg = Release|Any CPU
		{6FF6DB2B-B8A6-4189-97BB-9ACCE2BF2293}.Release|Any CPU.Build.0 = Release|Any CPU
		{AC6933B8-FB01-40F8-B432-6EEE241A0C97}.Debug|Any CPU.ActiveCfg = Debug|Any CPU
		{AC6933B8-FB01-40F8-B432-6EEE241A0C97}.Debug|Any CPU.Build.0 = Debug|Any CPU
		{AC6933B8-FB01-40F8-B432-6EEE241A0C97}.Release|Any CPU.ActiveCfg = Release|Any CPU
		{AC6933B8-FB01-40F8-B432-6EEE241A0C97}.Release|Any CPU.Build.0 = Release|Any CPU
		{644A79C8-459E-4026-9725-C0845437D207}.Debug|Any CPU.ActiveCfg = Debug|Any CPU
		{644A79C8-459E-4026-9725-C0845437D207}.Debug|Any CPU.Build.0 = Debug|Any CPU
		{644A79C8-459E-4026-9725-C0845437D207}.Release|Any CPU.ActiveCfg = Release|Any CPU
		{644A79C8-459E-4026-9725-C0845437D207}.Release|Any CPU.Build.0 = Release|Any CPU
		{99E39CF6-4526-42C8-B58C-20A68EBCB097}.Debug|Any CPU.ActiveCfg = Debug|Any CPU
		{99E39CF6-4526-42C8-B58C-20A68EBCB097}.Debug|Any CPU.Build.0 = Debug|Any CPU
		{99E39CF6-4526-42C8-B58C-20A68EBCB097}.Release|Any CPU.ActiveCfg = Release|Any CPU
		{99E39CF6-4526-42C8-B58C-20A68EBCB097}.Release|Any CPU.Build.0 = Release|Any CPU
		{8D53BE3A-1AB4-4681-B9C0-D141AD3C93AA}.Debug|Any CPU.ActiveCfg = Debug|Any CPU
		{8D53BE3A-1AB4-4681-B9C0-D141AD3C93AA}.Debug|Any CPU.Build.0 = Debug|Any CPU
		{8D53BE3A-1AB4-4681-B9C0-D141AD3C93AA}.Release|Any CPU.ActiveCfg = Release|Any CPU
		{8D53BE3A-1AB4-4681-B9C0-D141AD3C93AA}.Release|Any CPU.Build.0 = Release|Any CPU
		{99F3D4ED-D9FD-400A-BE98-7CDFFB79A6E6}.Debug|Any CPU.ActiveCfg = Debug|Any CPU
		{99F3D4ED-D9FD-400A-BE98-7CDFFB79A6E6}.Debug|Any CPU.Build.0 = Debug|Any CPU
		{99F3D4ED-D9FD-400A-BE98-7CDFFB79A6E6}.Release|Any CPU.ActiveCfg = Release|Any CPU
		{99F3D4ED-D9FD-400A-BE98-7CDFFB79A6E6}.Release|Any CPU.Build.0 = Release|Any CPU
		{4EF3E3AF-4DF4-42BD-8789-DFD757215121}.Debug|Any CPU.ActiveCfg = Debug|Any CPU
		{4EF3E3AF-4DF4-42BD-8789-DFD757215121}.Debug|Any CPU.Build.0 = Debug|Any CPU
		{4EF3E3AF-4DF4-42BD-8789-DFD757215121}.Release|Any CPU.ActiveCfg = Release|Any CPU
		{4EF3E3AF-4DF4-42BD-8789-DFD757215121}.Release|Any CPU.Build.0 = Release|Any CPU
		{1CCA6EB6-37B2-4952-9B5D-7F05F9893886}.Debug|Any CPU.ActiveCfg = Debug|Any CPU
		{1CCA6EB6-37B2-4952-9B5D-7F05F9893886}.Debug|Any CPU.Build.0 = Debug|Any CPU
		{1CCA6EB6-37B2-4952-9B5D-7F05F9893886}.Release|Any CPU.ActiveCfg = Release|Any CPU
		{1CCA6EB6-37B2-4952-9B5D-7F05F9893886}.Release|Any CPU.Build.0 = Release|Any CPU
		{C65A7AD9-ADF9-42EA-A5B8-1708F6120081}.Debug|Any CPU.ActiveCfg = Debug|Any CPU
		{C65A7AD9-ADF9-42EA-A5B8-1708F6120081}.Debug|Any CPU.Build.0 = Debug|Any CPU
		{C65A7AD9-ADF9-42EA-A5B8-1708F6120081}.Release|Any CPU.ActiveCfg = Release|Any CPU
		{C65A7AD9-ADF9-42EA-A5B8-1708F6120081}.Release|Any CPU.Build.0 = Release|Any CPU
		{D821D2E1-BF76-49CC-9D40-6AB7C58A964C}.Debug|Any CPU.ActiveCfg = Debug|Any CPU
		{D821D2E1-BF76-49CC-9D40-6AB7C58A964C}.Debug|Any CPU.Build.0 = Debug|Any CPU
		{D821D2E1-BF76-49CC-9D40-6AB7C58A964C}.Release|Any CPU.ActiveCfg = Release|Any CPU
		{D821D2E1-BF76-49CC-9D40-6AB7C58A964C}.Release|Any CPU.Build.0 = Release|Any CPU
		{DC66F77F-A675-4A2D-BCF4-C5CBDFD355DB}.Debug|Any CPU.ActiveCfg = Debug|Any CPU
		{DC66F77F-A675-4A2D-BCF4-C5CBDFD355DB}.Debug|Any CPU.Build.0 = Debug|Any CPU
		{DC66F77F-A675-4A2D-BCF4-C5CBDFD355DB}.Release|Any CPU.ActiveCfg = Release|Any CPU
		{DC66F77F-A675-4A2D-BCF4-C5CBDFD355DB}.Release|Any CPU.Build.0 = Release|Any CPU
		{1527AF66-DD63-438B-9ECB-D4580DEBF3A3}.Debug|Any CPU.ActiveCfg = Debug|Any CPU
		{1527AF66-DD63-438B-9ECB-D4580DEBF3A3}.Debug|Any CPU.Build.0 = Debug|Any CPU
		{1527AF66-DD63-438B-9ECB-D4580DEBF3A3}.Release|Any CPU.ActiveCfg = Release|Any CPU
		{1527AF66-DD63-438B-9ECB-D4580DEBF3A3}.Release|Any CPU.Build.0 = Release|Any CPU
	EndGlobalSection
	GlobalSection(SolutionProperties) = preSolution
		HideSolutionNode = FALSE
	EndGlobalSection
	GlobalSection(NestedProjects) = preSolution
		{0E2B3553-65C1-4FBE-A40F-318FFEC69AD7} = {92821270-EED6-4073-929E-5E3C465F6A70}
		{2A7AD16A-D81A-476F-BBEF-717ECCF20003} = {92821270-EED6-4073-929E-5E3C465F6A70}
		{897BC94B-0EE4-49A1-AF75-B49A6AE0FBA7} = {92821270-EED6-4073-929E-5E3C465F6A70}
		{BC345E90-9BB8-45A9-B126-729C53FA8392} = {92821270-EED6-4073-929E-5E3C465F6A70}
		{98805A34-8B12-4F06-99CC-B1E9AF284AA6} = {2A7AD16A-D81A-476F-BBEF-717ECCF20003}
		{1FF3B385-51AA-4EAF-8C24-080DCEF9C732} = {897BC94B-0EE4-49A1-AF75-B49A6AE0FBA7}
		{C85309AB-9A74-4DC6-94A4-CA3A8814BE1A} = {897BC94B-0EE4-49A1-AF75-B49A6AE0FBA7}
		{B144CD5F-A7E8-48ED-9152-90D27283D4F7} = {897BC94B-0EE4-49A1-AF75-B49A6AE0FBA7}
		{2216D4D9-9672-4C9C-A22E-EE1CB866343E} = {897BC94B-0EE4-49A1-AF75-B49A6AE0FBA7}
		{A1124EFA-A5F9-4C85-B8C2-6914490DBF92} = {897BC94B-0EE4-49A1-AF75-B49A6AE0FBA7}
		{4DB4EA9F-A954-468E-92C4-114FA189F829} = {897BC94B-0EE4-49A1-AF75-B49A6AE0FBA7}
		{8E35853D-A36C-458C-A0D9-C875D40F4353} = {BC345E90-9BB8-45A9-B126-729C53FA8392}
		{28FF5925-6C82-449C-B344-DEB0C5C3C0FB} = {2A7AD16A-D81A-476F-BBEF-717ECCF20003}
		{756781E7-C392-4E13-BE94-0C63061BE7C6} = {2A7AD16A-D81A-476F-BBEF-717ECCF20003}
		{B1382B71-2AF3-4F33-94A4-A884458178E4} = {2A7AD16A-D81A-476F-BBEF-717ECCF20003}
		{6FF6DB2B-B8A6-4189-97BB-9ACCE2BF2293} = {0E2B3553-65C1-4FBE-A40F-318FFEC69AD7}
		{AC6933B8-FB01-40F8-B432-6EEE241A0C97} = {2216D4D9-9672-4C9C-A22E-EE1CB866343E}
		{644A79C8-459E-4026-9725-C0845437D207} = {A1124EFA-A5F9-4C85-B8C2-6914490DBF92}
		{99E39CF6-4526-42C8-B58C-20A68EBCB097} = {1FF3B385-51AA-4EAF-8C24-080DCEF9C732}
		{8D53BE3A-1AB4-4681-B9C0-D141AD3C93AA} = {C85309AB-9A74-4DC6-94A4-CA3A8814BE1A}
		{99F3D4ED-D9FD-400A-BE98-7CDFFB79A6E6} = {B144CD5F-A7E8-48ED-9152-90D27283D4F7}
		{4EF3E3AF-4DF4-42BD-8789-DFD757215121} = {A1124EFA-A5F9-4C85-B8C2-6914490DBF92}
		{1CCA6EB6-37B2-4952-9B5D-7F05F9893886} = {A1124EFA-A5F9-4C85-B8C2-6914490DBF92}
		{C65A7AD9-ADF9-42EA-A5B8-1708F6120081} = {A1124EFA-A5F9-4C85-B8C2-6914490DBF92}
		{46F66340-5A06-46CD-A667-068CD45A7BD9} = {2A7AD16A-D81A-476F-BBEF-717ECCF20003}
		{D821D2E1-BF76-49CC-9D40-6AB7C58A964C} = {46F66340-5A06-46CD-A667-068CD45A7BD9}
		{DC66F77F-A675-4A2D-BCF4-C5CBDFD355DB} = {2216D4D9-9672-4C9C-A22E-EE1CB866343E}
		{1527AF66-DD63-438B-9ECB-D4580DEBF3A3} = {4DB4EA9F-A954-468E-92C4-114FA189F829}
	EndGlobalSection
	GlobalSection(ExtensibilityGlobals) = postSolution
		SolutionGuid = {1ACA1DA3-51CE-4E34-8BE4-BAF72EE3BD81}
	EndGlobalSection
EndGlobal
